
Microsoft Visual Studio Solution File, Format Version 12.00
# Visual Studio Version 17
VisualStudioVersion = 17.9.34622.214
MinimumVisualStudioVersion = 10.0.40219.1
Project("{FAE04EC0-301F-11D3-BF4B-00C04F79EFBC}") = "ProyectoModulo", "ProyectoModulo.csproj", "{4CCBE4C2-61B5-470F-B385-1D5609CFAE04}"
EndProject
Global
	GlobalSection(SolutionConfigurationPlatforms) = preSolution
		Debug|Any CPU = Debug|Any CPU
		Release|Any CPU = Release|Any CPU
	EndGlobalSection
	GlobalSection(ProjectConfigurationPlatforms) = postSolution
		{4CCBE4C2-61B5-470F-B385-1D5609CFAE04}.Debug|Any CPU.ActiveCfg = Debug|Any CPU
		{4CCBE4C2-61B5-470F-B385-1D5609CFAE04}.Debug|Any CPU.Build.0 = Debug|Any CPU
		{4CCBE4C2-61B5-470F-B385-1D5609CFAE04}.Release|Any CPU.ActiveCfg = Release|Any CPU
		{4CCBE4C2-61B5-470F-B385-1D5609CFAE04}.Release|Any CPU.Build.0 = Release|Any CPU
	EndGlobalSection
	GlobalSection(SolutionProperties) = preSolution
		HideSolutionNode = FALSE
	EndGlobalSection
	GlobalSection(ExtensibilityGlobals) = postSolution
		SolutionGuid = {862BE9B2-9582-4858-A116-95BC1A5D1751}
	EndGlobalSection
EndGlobal
